
Microsoft Visual Studio Solution File, Format Version 12.00
# Visual Studio Version 16
VisualStudioVersion = 16.0.29920.165
MinimumVisualStudioVersion = 10.0.40219.1
Project("{9A19103F-16F7-4668-BE54-9A1E7A4F7556}") = "eShopSolution.WebApp", "eShopSolution.WebApp\eShopSolution.WebApp.csproj", "{CCE00334-FE39-4053-B988-E14741B44A41}"
EndProject
Project("{2150E333-8FDC-42A3-9474-1A3956D46DE8}") = "Solution Items", "Solution Items", "{1D1FBF0E-8A4B-43CB-9DDD-4A3A9BDDFA01}"
	ProjectSection(SolutionItems) = preProject
		README.md = README.md
	EndProjectSection
EndProject
Project("{FAE04EC0-301F-11D3-BF4B-00C04F79EFBC}") = "eShopSolution.Data", "eShopSlution.Data\eShopSolution.Data.csproj", "{14E6E799-92CA-4EBC-B28D-0F18B880C197}"
EndProject
Project("{FAE04EC0-301F-11D3-BF4B-00C04F79EFBC}") = "eShopSolution.Application", "eShopSolution.Application\eShopSolution.Application.csproj", "{FEFEBD54-DE02-4692-A5B9-93ED0D757454}"
EndProject
Global
	GlobalSection(SolutionConfigurationPlatforms) = preSolution
		Debug|Any CPU = Debug|Any CPU
		Release|Any CPU = Release|Any CPU
	EndGlobalSection
	GlobalSection(ProjectConfigurationPlatforms) = postSolution
		{CCE00334-FE39-4053-B988-E14741B44A41}.Debug|Any CPU.ActiveCfg = Debug|Any CPU
		{CCE00334-FE39-4053-B988-E14741B44A41}.Debug|Any CPU.Build.0 = Debug|Any CPU
		{CCE00334-FE39-4053-B988-E14741B44A41}.Release|Any CPU.ActiveCfg = Release|Any CPU
		{CCE00334-FE39-4053-B988-E14741B44A41}.Release|Any CPU.Build.0 = Release|Any CPU
		{14E6E799-92CA-4EBC-B28D-0F18B880C197}.Debug|Any CPU.ActiveCfg = Debug|Any CPU
		{14E6E799-92CA-4EBC-B28D-0F18B880C197}.Debug|Any CPU.Build.0 = Debug|Any CPU
		{14E6E799-92CA-4EBC-B28D-0F18B880C197}.Release|Any CPU.ActiveCfg = Release|Any CPU
		{14E6E799-92CA-4EBC-B28D-0F18B880C197}.Release|Any CPU.Build.0 = Release|Any CPU
		{FEFEBD54-DE02-4692-A5B9-93ED0D757454}.Debug|Any CPU.ActiveCfg = Debug|Any CPU
		{FEFEBD54-DE02-4692-A5B9-93ED0D757454}.Debug|Any CPU.Build.0 = Debug|Any CPU
		{FEFEBD54-DE02-4692-A5B9-93ED0D757454}.Release|Any CPU.ActiveCfg = Release|Any CPU
		{FEFEBD54-DE02-4692-A5B9-93ED0D757454}.Release|Any CPU.Build.0 = Release|Any CPU
	EndGlobalSection
	GlobalSection(SolutionProperties) = preSolution
		HideSolutionNode = FALSE
	EndGlobalSection
	GlobalSection(ExtensibilityGlobals) = postSolution
		SolutionGuid = {76AEA973-4949-4FF1-86D3-7D32C98CEBA5}
	EndGlobalSection
EndGlobal
